
Microsoft Visual Studio Solution File, Format Version 12.00
# Visual Studio Version 17
VisualStudioVersion = 17.14.36623.8 d17.14
MinimumVisualStudioVersion = 10.0.40219.1
Project("{FAE04EC0-301F-11D3-BF4B-00C04F79EFBC}") = "TaskManagerApi", "TaskManagerApi.csproj", "{523C6550-77E0-4DCC-98AF-690CE2144D57}"
EndProject
Global
	GlobalSection(SolutionConfigurationPlatforms) = preSolution
		Debug|Any CPU = Debug|Any CPU
		Release|Any CPU = Release|Any CPU
	EndGlobalSection
	GlobalSection(ProjectConfigurationPlatforms) = postSolution
		{523C6550-77E0-4DCC-98AF-690CE2144D57}.Debug|Any CPU.ActiveCfg = Debug|Any CPU
		{523C6550-77E0-4DCC-98AF-690CE2144D57}.Debug|Any CPU.Build.0 = Debug|Any CPU
		{523C6550-77E0-4DCC-98AF-690CE2144D57}.Release|Any CPU.ActiveCfg = Release|Any CPU
		{523C6550-77E0-4DCC-98AF-690CE2144D57}.Release|Any CPU.Build.0 = Release|Any CPU
	EndGlobalSection
	GlobalSection(SolutionProperties) = preSolution
		HideSolutionNode = FALSE
	EndGlobalSection
	GlobalSection(ExtensibilityGlobals) = postSolution
		SolutionGuid = {6C2B9AE9-2ABD-4FB9-BC88-B9103AB465C4}
	EndGlobalSection
EndGlobal
